# This file is autogenerated, do not edit; changes may be undone by the next 'dep ensure'.


[[projects]]
  branch = "master"
  digest = "1:6083fc4e90fe661aad326c42fa16fb85774cb55711560d1208c82ff290534836"
  name = "github.com/bitrise-io/go-utils"
  packages = [
    "colorstring",
    "command",
    "errorutil",
    "fileutil",
    "log",
    "pathutil",
    "retry",
    "sliceutil",
  ]
  pruneopts = ""
  revision = "2a09aab8380d7842750328aebd5671bcccea89c8"

[[projects]]
  branch = "master"
  digest = "1:e4666f2ae2ed345af6608adbb7e6bae0d341bf127336f8ce76ba86b7de872b5e"
  name = "github.com/bitrise-tools/go-android"
  packages = [
    "sdk",
    "sdkcomponent",
    "sdkmanager",
  ]
  pruneopts = ""
  revision = "cad5a20e271b6a9667ca2063ec6286f51387b9e4"

[[projects]]
  branch = "master"
  digest = "1:3511df2e558e2755b01ce5670ddc536fa031e63e5b4974bb0f35aac53704f06e"
  name = "github.com/bitrise-tools/go-steputils"
  packages = [
    "input",
    "tools",
  ]
  pruneopts = ""
  revision = "ec226b2359fcd806be64f0ad2217d8e741a1ff11"

[[projects]]
  digest = "1:b759103c9b4135568253c17d2866064cde398e93764b611caabf5aa8e3059685"
  name = "github.com/hashicorp/go-version"
  packages = ["."]
  pruneopts = ""
  revision = "d40cf49b3a77bba84a7afdbd7f1dc295d114efb1"
  version = "v1.1.0"

[[projects]]
  digest = "1:1d7e1867c49a6dd9856598ef7c3123604ea3daabf5b83f303ff457bcbc410b1d"
  name = "github.com/pkg/errors"
  packages = ["."]
  pruneopts = ""
  revision = "ba968bfe8b2f7e042a574c888954fccecfa385b4"
  version = "v0.8.1"

[solve-meta]
  analyzer-name = "dep"
  analyzer-version = 1
  input-imports = [
    "github.com/bitrise-io/go-utils/command",
    "github.com/bitrise-io/go-utils/fileutil",
    "github.com/bitrise-io/go-utils/log",
    "github.com/bitrise-io/go-utils/pathutil",
    "github.com/bitrise-io/go-utils/retry",
    "github.com/bitrise-io/go-utils/sliceutil",
    "github.com/bitrise-tools/go-android/sdk",
    "github.com/bitrise-tools/go-android/sdkcomponent",
    "github.com/bitrise-tools/go-android/sdkmanager",
    "github.com/bitrise-tools/go-steputils/input",
    "github.com/bitrise-tools/go-steputils/tools",
    "github.com/hashicorp/go-version",
    "github.com/pkg/errors",
  ]
  solver-name = "gps-cdcl"
  solver-version = 1
