# This file is autogenerated, do not edit; changes may be undone by the next 'dep ensure'.


[[projects]]
  branch = "master"
  name = "github.com/bitrise-io/go-utils"
  packages = [
    "colorstring",
    "command",
    "errorutil",
    "fileutil",
    "log",
    "pathutil",
    "retry",
    "sliceutil"
  ]
  revision = "d1de0dbcb811588e61362aff67bb700b93c13c17"

[[projects]]
  branch = "master"
  name = "github.com/bitrise-tools/go-android"
  packages = [
    "sdk",
    "sdkcomponent",
    "sdkmanager"
  ]
  revision = "cad5a20e271b6a9667ca2063ec6286f51387b9e4"

[[projects]]
  branch = "master"
  name = "github.com/bitrise-tools/go-steputils"
  packages = [
    "input",
    "tools"
  ]
  revision = "d4d9e08cc4347e8784bb18419fcdceb932e17019"

[[projects]]
  name = "github.com/hashicorp/go-version"
  packages = ["."]
  revision = "b5a281d3160aa11950a6182bd9a9dc2cb1e02d50"
  version = "v1.0.0"

[[projects]]
  name = "github.com/pkg/errors"
  packages = ["."]
  revision = "645ef00459ed84a119197bfb8d8205042c6df63d"
  version = "v0.8.0"

[solve-meta]
  analyzer-name = "dep"
  analyzer-version = 1
  inputs-digest = "80ecfd9e2c1179fcd11ab7f8159a0322679001e27a096375b88ca656ab37c129"
  solver-name = "gps-cdcl"
  solver-version = 1
