# This file is autogenerated, do not edit; changes may be undone by the next 'dep ensure'.


[[projects]]
  branch = "master"
  digest = "1:83cf8830861be653ba3064b3b16c797aa808fd42be1cc1483b965783da9a1106"
  name = "github.com/bitrise-io/go-steputils"
  packages = ["stepconf"]
  pruneopts = ""
  revision = "cecc766da84859e37e780d9d1c416f0f3993e6b1"

[[projects]]
  branch = "master"
  digest = "1:29f19de541dd6ab6f6b29a63762dd88e94c0b54e27b79e8300842bbc678a6df9"
  name = "github.com/bitrise-io/go-utils"
  packages = [
    "colorstring",
    "command",
    "errorutil",
    "fileutil",
    "log",
    "parseutil",
    "pathutil",
    "pointers",
    "retry",
    "sliceutil",
  ]
  pruneopts = ""
  revision = "10ba6612803187a89b6935f06a617e9e1cd9d2bf"

[[projects]]
  branch = "master"
  digest = "1:bb82a6f282f8b146d1a525341392bc5f5689e4f144553034ef99060a801e6a67"
  name = "github.com/bitrise-tools/go-android"
  packages = [
    "sdk",
    "sdkcomponent",
    "sdkmanager",
  ]
  pruneopts = ""
  revision = "8082fe069ed29f394c2fd0724dd6bdc64e5cf6b4"

[[projects]]
  branch = "master"
  digest = "1:83cf8830861be653ba3064b3b16c797aa808fd42be1cc1483b965783da9a1106"
  name = "github.com/bitrise-tools/go-steputils"
  packages = ["tools"]
  pruneopts = ""
  revision = "cecc766da84859e37e780d9d1c416f0f3993e6b1"

[[projects]]
  digest = "1:2f0c811248aeb64978037b357178b1593372439146bda860cb16f2c80785ea93"
  name = "github.com/hashicorp/go-version"
  packages = ["."]
  pruneopts = ""
  revision = "ac23dc3fea5d1a983c43f6a0f6e2c13f0195d8bd"
  version = "v1.2.0"

[solve-meta]
  analyzer-name = "dep"
  analyzer-version = 1
  input-imports = [
    "github.com/bitrise-io/go-steputils/stepconf",
    "github.com/bitrise-io/go-utils/command",
    "github.com/bitrise-io/go-utils/fileutil",
    "github.com/bitrise-io/go-utils/log",
    "github.com/bitrise-io/go-utils/pathutil",
    "github.com/bitrise-io/go-utils/retry",
    "github.com/bitrise-io/go-utils/sliceutil",
    "github.com/bitrise-tools/go-android/sdk",
    "github.com/bitrise-tools/go-android/sdkcomponent",
    "github.com/bitrise-tools/go-android/sdkmanager",
    "github.com/bitrise-tools/go-steputils/tools",
    "github.com/hashicorp/go-version",
  ]
  solver-name = "gps-cdcl"
  solver-version = 1
